
Microsoft Visual Studio Solution File, Format Version 12.00
# Visual Studio Version 17
VisualStudioVersion = 17.11.35312.102
MinimumVisualStudioVersion = 10.0.40219.1
Project("{2150E333-8FDC-42A3-9474-1A3956D46DE8}") = "Task0", "Task0", "{D9C53F42-11C0-4126-AF83-3411343BEF7E}"
EndProject
Project("{9A19103F-16F7-4668-BE54-9A1E7A4F7556}") = "Tyuiu.KokoulinIV.Sprint3.Task0.V6", "Tyuiu.KokoulinIV.Sprint3.Task0.V6\Tyuiu.KokoulinIV.Sprint3.Task0.V6.csproj", "{F502C2B2-10BF-4EAB-8527-28933D2D1FB1}"
EndProject
Project("{9A19103F-16F7-4668-BE54-9A1E7A4F7556}") = "Tyuiu.KokoulinIV.Sprint3.Task0.V6.Lib", "Tyuiu.KokoulinIV.Sprint3.Task0.V6.Lib\Tyuiu.KokoulinIV.Sprint3.Task0.V6.Lib.csproj", "{4A39F8D2-2715-41F2-8792-86B0B4B13527}"
EndProject
Project("{9A19103F-16F7-4668-BE54-9A1E7A4F7556}") = "Tyuiu.KokoulinIV.Sprint3.Task0.V6.Test", "Tyuiu.KokoulinIV.Sprint3.Task0.V6.Test\Tyuiu.KokoulinIV.Sprint3.Task0.V6.Test.csproj", "{07E1FB65-072D-49B8-8D92-1274CCCFEE37}"
EndProject
Project("{2150E333-8FDC-42A3-9474-1A3956D46DE8}") = "Task1", "Task1", "{ACE86F85-188B-44BC-A2E5-C3884BC60D96}"
EndProject
Project("{9A19103F-16F7-4668-BE54-9A1E7A4F7556}") = "Tyuiu.KokoulinIV.Sprint3.Task1.V24", "Tyuiu.KokoulinIV.Sprint3.Task1.V24\Tyuiu.KokoulinIV.Sprint3.Task1.V24.csproj", "{96233C64-3F5F-49EE-BA21-38D4AE1855F3}"
EndProject
Project("{9A19103F-16F7-4668-BE54-9A1E7A4F7556}") = "Tyuiu.KokoulinIV.Sprint3.Task1.V24.Test", "Tyuiu.KokoulinIV.Sprint3.Task1.V24.Test\Tyuiu.KokoulinIV.Sprint3.Task1.V24.Test.csproj", "{292695B9-7945-4E0C-80B2-FB74D6F331B9}"
EndProject
Project("{9A19103F-16F7-4668-BE54-9A1E7A4F7556}") = "Tyuiu.KokoulinIV.Sprint3.Task1.V24.Lib", "Tyuiu.KokoulinIV.Sprint3.Task1.V24.Lib\Tyuiu.KokoulinIV.Sprint3.Task1.V24.Lib.csproj", "{E452A0D6-C884-44ED-B2B1-61713A58769D}"
EndProject
Project("{2150E333-8FDC-42A3-9474-1A3956D46DE8}") = "Task2", "Task2", "{BEB17753-D31B-48DA-BDEE-422A92B6661A}"
EndProject
Project("{FAE04EC0-301F-11D3-BF4B-00C04F79EFBC}") = "Tyuiu.KokoulinIV.Sprint3.Task2.V19", "Tyuiu.KokoulinIV.Sprint3.Task2.V19\Tyuiu.KokoulinIV.Sprint3.Task2.V19.csproj", "{2B8713A7-156C-4599-B157-EBF5A429911F}"
EndProject
Project("{FAE04EC0-301F-11D3-BF4B-00C04F79EFBC}") = "Tyuiu.KokoulinIV.Sprint3.Task2.V19.Lib", "Tyuiu.KokoulinIV.Sprint3.Task2.V19.Lib\Tyuiu.KokoulinIV.Sprint3.Task2.V19.Lib.csproj", "{BD72EDDD-3097-464E-977E-C174B8C72D89}"
EndProject
Project("{FAE04EC0-301F-11D3-BF4B-00C04F79EFBC}") = "Tyuiu.KokoulinIV.Sprint3.Task2.V19.Test", "Tyuiu.KokoulinIV.Sprint3.Task2.V19.Test\Tyuiu.KokoulinIV.Sprint3.Task2.V19.Test.csproj", "{F2A2D838-8A70-423C-8CB2-B8F7B9F8CB46}"
EndProject
Global
	GlobalSection(SolutionConfigurationPlatforms) = preSolution
		Debug|Any CPU = Debug|Any CPU
		Release|Any CPU = Release|Any CPU
	EndGlobalSection
	GlobalSection(ProjectConfigurationPlatforms) = postSolution
		{F502C2B2-10BF-4EAB-8527-28933D2D1FB1}.Debug|Any CPU.ActiveCfg = Debug|Any CPU
		{F502C2B2-10BF-4EAB-8527-28933D2D1FB1}.Debug|Any CPU.Build.0 = Debug|Any CPU
		{F502C2B2-10BF-4EAB-8527-28933D2D1FB1}.Release|Any CPU.ActiveCfg = Release|Any CPU
		{F502C2B2-10BF-4EAB-8527-28933D2D1FB1}.Release|Any CPU.Build.0 = Release|Any CPU
		{4A39F8D2-2715-41F2-8792-86B0B4B13527}.Debug|Any CPU.ActiveCfg = Debug|Any CPU
		{4A39F8D2-2715-41F2-8792-86B0B4B13527}.Debug|Any CPU.Build.0 = Debug|Any CPU
		{4A39F8D2-2715-41F2-8792-86B0B4B13527}.Release|Any CPU.ActiveCfg = Release|Any CPU
		{4A39F8D2-2715-41F2-8792-86B0B4B13527}.Release|Any CPU.Build.0 = Release|Any CPU
		{07E1FB65-072D-49B8-8D92-1274CCCFEE37}.Debug|Any CPU.ActiveCfg = Debug|Any CPU
		{07E1FB65-072D-49B8-8D92-1274CCCFEE37}.Debug|Any CPU.Build.0 = Debug|Any CPU
		{07E1FB65-072D-49B8-8D92-1274CCCFEE37}.Release|Any CPU.ActiveCfg = Release|Any CPU
		{07E1FB65-072D-49B8-8D92-1274CCCFEE37}.Release|Any CPU.Build.0 = Release|Any CPU
		{96233C64-3F5F-49EE-BA21-38D4AE1855F3}.Debug|Any CPU.ActiveCfg = Debug|Any CPU
		{96233C64-3F5F-49EE-BA21-38D4AE1855F3}.Debug|Any CPU.Build.0 = Debug|Any CPU
		{96233C64-3F5F-49EE-BA21-38D4AE1855F3}.Release|Any CPU.ActiveCfg = Release|Any CPU
		{96233C64-3F5F-49EE-BA21-38D4AE1855F3}.Release|Any CPU.Build.0 = Release|Any CPU
		{292695B9-7945-4E0C-80B2-FB74D6F331B9}.Debug|Any CPU.ActiveCfg = Debug|Any CPU
		{292695B9-7945-4E0C-80B2-FB74D6F331B9}.Debug|Any CPU.Build.0 = Debug|Any CPU
		{292695B9-7945-4E0C-80B2-FB74D6F331B9}.Release|Any CPU.ActiveCfg = Release|Any CPU
		{292695B9-7945-4E0C-80B2-FB74D6F331B9}.Release|Any CPU.Build.0 = Release|Any CPU
		{E452A0D6-C884-44ED-B2B1-61713A58769D}.Debug|Any CPU.ActiveCfg = Debug|Any CPU
		{E452A0D6-C884-44ED-B2B1-61713A58769D}.Debug|Any CPU.Build.0 = Debug|Any CPU
		{E452A0D6-C884-44ED-B2B1-61713A58769D}.Release|Any CPU.ActiveCfg = Release|Any CPU
		{E452A0D6-C884-44ED-B2B1-61713A58769D}.Release|Any CPU.Build.0 = Release|Any CPU
		{2B8713A7-156C-4599-B157-EBF5A429911F}.Debug|Any CPU.ActiveCfg = Debug|Any CPU
		{2B8713A7-156C-4599-B157-EBF5A429911F}.Debug|Any CPU.Build.0 = Debug|Any CPU
		{2B8713A7-156C-4599-B157-EBF5A429911F}.Release|Any CPU.ActiveCfg = Release|Any CPU
		{2B8713A7-156C-4599-B157-EBF5A429911F}.Release|Any CPU.Build.0 = Release|Any CPU
		{BD72EDDD-3097-464E-977E-C174B8C72D89}.Debug|Any CPU.ActiveCfg = Debug|Any CPU
		{BD72EDDD-3097-464E-977E-C174B8C72D89}.Debug|Any CPU.Build.0 = Debug|Any CPU
		{BD72EDDD-3097-464E-977E-C174B8C72D89}.Release|Any CPU.ActiveCfg = Release|Any CPU
		{BD72EDDD-3097-464E-977E-C174B8C72D89}.Release|Any CPU.Build.0 = Release|Any CPU
		{F2A2D838-8A70-423C-8CB2-B8F7B9F8CB46}.Debug|Any CPU.ActiveCfg = Debug|Any CPU
		{F2A2D838-8A70-423C-8CB2-B8F7B9F8CB46}.Debug|Any CPU.Build.0 = Debug|Any CPU
		{F2A2D838-8A70-423C-8CB2-B8F7B9F8CB46}.Release|Any CPU.ActiveCfg = Release|Any CPU
		{F2A2D838-8A70-423C-8CB2-B8F7B9F8CB46}.Release|Any CPU.Build.0 = Release|Any CPU
	EndGlobalSection
	GlobalSection(SolutionProperties) = preSolution
		HideSolutionNode = FALSE
	EndGlobalSection
	GlobalSection(NestedProjects) = preSolution
		{F502C2B2-10BF-4EAB-8527-28933D2D1FB1} = {D9C53F42-11C0-4126-AF83-3411343BEF7E}
		{4A39F8D2-2715-41F2-8792-86B0B4B13527} = {D9C53F42-11C0-4126-AF83-3411343BEF7E}
		{07E1FB65-072D-49B8-8D92-1274CCCFEE37} = {D9C53F42-11C0-4126-AF83-3411343BEF7E}
		{96233C64-3F5F-49EE-BA21-38D4AE1855F3} = {ACE86F85-188B-44BC-A2E5-C3884BC60D96}
		{292695B9-7945-4E0C-80B2-FB74D6F331B9} = {ACE86F85-188B-44BC-A2E5-C3884BC60D96}
		{E452A0D6-C884-44ED-B2B1-61713A58769D} = {ACE86F85-188B-44BC-A2E5-C3884BC60D96}
		{2B8713A7-156C-4599-B157-EBF5A429911F} = {BEB17753-D31B-48DA-BDEE-422A92B6661A}
		{BD72EDDD-3097-464E-977E-C174B8C72D89} = {BEB17753-D31B-48DA-BDEE-422A92B6661A}
		{F2A2D838-8A70-423C-8CB2-B8F7B9F8CB46} = {BEB17753-D31B-48DA-BDEE-422A92B6661A}
	EndGlobalSection
	GlobalSection(ExtensibilityGlobals) = postSolution
		SolutionGuid = {F50664D8-FFBF-4120-9514-AFFBC942BD77}
	EndGlobalSection
EndGlobal
