
Microsoft Visual Studio Solution File, Format Version 12.00
# Visual Studio Version 17
VisualStudioVersion = 17.11.35312.102
MinimumVisualStudioVersion = 10.0.40219.1
Project("{2150E333-8FDC-42A3-9474-1A3956D46DE8}") = "Task0", "Task0", "{D9C53F42-11C0-4126-AF83-3411343BEF7E}"
EndProject
Project("{9A19103F-16F7-4668-BE54-9A1E7A4F7556}") = "Tyuiu.KokoulinIV.Sprint3.Task0.V6", "Tyuiu.KokoulinIV.Sprint3.Task0.V6\Tyuiu.KokoulinIV.Sprint3.Task0.V6.csproj", "{F502C2B2-10BF-4EAB-8527-28933D2D1FB1}"
EndProject
Project("{9A19103F-16F7-4668-BE54-9A1E7A4F7556}") = "Tyuiu.KokoulinIV.Sprint3.Task0.V6.Lib", "Tyuiu.KokoulinIV.Sprint3.Task0.V6.Lib\Tyuiu.KokoulinIV.Sprint3.Task0.V6.Lib.csproj", "{4A39F8D2-2715-41F2-8792-86B0B4B13527}"
EndProject
Project("{9A19103F-16F7-4668-BE54-9A1E7A4F7556}") = "Tyuiu.KokoulinIV.Sprint3.Task0.V6.Test", "Tyuiu.KokoulinIV.Sprint3.Task0.V6.Test\Tyuiu.KokoulinIV.Sprint3.Task0.V6.Test.csproj", "{07E1FB65-072D-49B8-8D92-1274CCCFEE37}"
EndProject
Project("{2150E333-8FDC-42A3-9474-1A3956D46DE8}") = "Task1", "Task1", "{ACE86F85-188B-44BC-A2E5-C3884BC60D96}"
EndProject
Project("{9A19103F-16F7-4668-BE54-9A1E7A4F7556}") = "Tyuiu.KokoulinIV.Sprint3.Task1.V24", "Tyuiu.KokoulinIV.Sprint3.Task1.V24\Tyuiu.KokoulinIV.Sprint3.Task1.V24.csproj", "{96233C64-3F5F-49EE-BA21-38D4AE1855F3}"
EndProject
Project("{9A19103F-16F7-4668-BE54-9A1E7A4F7556}") = "Tyuiu.KokoulinIV.Sprint3.Task1.V24.Test", "Tyuiu.KokoulinIV.Sprint3.Task1.V24.Test\Tyuiu.KokoulinIV.Sprint3.Task1.V24.Test.csproj", "{292695B9-7945-4E0C-80B2-FB74D6F331B9}"
EndProject
Project("{9A19103F-16F7-4668-BE54-9A1E7A4F7556}") = "Tyuiu.KokoulinIV.Sprint3.Task1.V24.Lib", "Tyuiu.KokoulinIV.Sprint3.Task1.V24.Lib\Tyuiu.KokoulinIV.Sprint3.Task1.V24.Lib.csproj", "{E452A0D6-C884-44ED-B2B1-61713A58769D}"
EndProject
Project("{2150E333-8FDC-42A3-9474-1A3956D46DE8}") = "Task2", "Task2", "{BEB17753-D31B-48DA-BDEE-422A92B6661A}"
EndProject
Project("{9A19103F-16F7-4668-BE54-9A1E7A4F7556}") = "Tyuiu.KokoulinIV.Sprint3.Task2.V19", "Tyuiu.KokoulinIV.Sprint3.Task2.V19\Tyuiu.KokoulinIV.Sprint3.Task2.V19.csproj", "{2B8713A7-156C-4599-B157-EBF5A429911F}"
EndProject
Project("{9A19103F-16F7-4668-BE54-9A1E7A4F7556}") = "Tyuiu.KokoulinIV.Sprint3.Task2.V19.Lib", "Tyuiu.KokoulinIV.Sprint3.Task2.V19.Lib\Tyuiu.KokoulinIV.Sprint3.Task2.V19.Lib.csproj", "{BD72EDDD-3097-464E-977E-C174B8C72D89}"
EndProject
Project("{9A19103F-16F7-4668-BE54-9A1E7A4F7556}") = "Tyuiu.KokoulinIV.Sprint3.Task2.V19.Test", "Tyuiu.KokoulinIV.Sprint3.Task2.V19.Test\Tyuiu.KokoulinIV.Sprint3.Task2.V19.Test.csproj", "{F2A2D838-8A70-423C-8CB2-B8F7B9F8CB46}"
EndProject
Project("{2150E333-8FDC-42A3-9474-1A3956D46DE8}") = "Task3", "Task3", "{1DC3492B-9577-4A37-A203-EC88516F0657}"
EndProject
Project("{9A19103F-16F7-4668-BE54-9A1E7A4F7556}") = "Tyuiu.KokoulinIV.Sprint3.Task3.V27", "Tyuiu.KokoulinIV.Sprint3.Task3.V27\Tyuiu.KokoulinIV.Sprint3.Task3.V27.csproj", "{1AF70685-F6BF-42D4-9EAA-0B3BCC6F5C41}"
EndProject
Project("{9A19103F-16F7-4668-BE54-9A1E7A4F7556}") = "Tyuiu.KokoulinIV.Sprint3.Task3.V27.Lib", "Tyuiu.KokoulinIV.Sprint3.Task3.V27.Lib\Tyuiu.KokoulinIV.Sprint3.Task3.V27.Lib.csproj", "{8B3F49A1-AAC5-4B26-95B3-9051AA8A398E}"
EndProject
Project("{9A19103F-16F7-4668-BE54-9A1E7A4F7556}") = "Tyuiu.KokoulinIV.Sprint3.Task3.V27.Test", "Tyuiu.KokoulinIV.Sprint3.Task3.V27.Test\Tyuiu.KokoulinIV.Sprint3.Task3.V27.Test.csproj", "{824DF91A-A6DA-4FBA-8FB2-CB1F6BE48264}"
EndProject
Project("{2150E333-8FDC-42A3-9474-1A3956D46DE8}") = "Task4", "Task4", "{31E381E3-71E7-4B97-977A-B07E2514BCC6}"
EndProject
Project("{9A19103F-16F7-4668-BE54-9A1E7A4F7556}") = "Tyuiu.KokoulinIV.Sprint3.Task4.V6", "Tyuiu.KokoulinIV.Sprint3.Task4.V6\Tyuiu.KokoulinIV.Sprint3.Task4.V6.csproj", "{77B65C33-F75E-4EB2-8572-A490F310478E}"
EndProject
Project("{9A19103F-16F7-4668-BE54-9A1E7A4F7556}") = "Tyuiu.KokoulinIV.Sprint3.Task4.V6.Lib", "Tyuiu.KokoulinIV.Sprint3.Task4.V6.Lib\Tyuiu.KokoulinIV.Sprint3.Task4.V6.Lib.csproj", "{8FF34865-E067-4AEC-A334-39694A377AE1}"
EndProject
Project("{9A19103F-16F7-4668-BE54-9A1E7A4F7556}") = "Tyuiu.KokoulinIV.Sprint3.Task4.V6.Test", "Tyuiu.KokoulinIV.Sprint3.Task4.V6.Test\Tyuiu.KokoulinIV.Sprint3.Task4.V6.Test.csproj", "{56EFF63E-F68C-4D02-8482-40149C90B183}"
EndProject
Project("{2150E333-8FDC-42A3-9474-1A3956D46DE8}") = "Task5", "Task5", "{B300347D-9887-4E90-9C00-781CEDE29E44}"
EndProject
Project("{9A19103F-16F7-4668-BE54-9A1E7A4F7556}") = "Tyuiu.KokoulinIV.Sprint3.Task5.V21", "Tyuiu.KokoulinIV.Sprint3.Task5.V21\Tyuiu.KokoulinIV.Sprint3.Task5.V21.csproj", "{5F4D7A14-29CD-4AC9-9C1D-A0D12FAB4B37}"
EndProject
Project("{9A19103F-16F7-4668-BE54-9A1E7A4F7556}") = "Tyuiu.KokoulinIV.Sprint3.Task5.V21.Lib", "Tyuiu.KokoulinIV.Sprint3.Task5.V21.Lib\Tyuiu.KokoulinIV.Sprint3.Task5.V21.Lib.csproj", "{73E0C2E8-808C-4BC3-91D1-BEEB2E8CECDA}"
EndProject
Project("{9A19103F-16F7-4668-BE54-9A1E7A4F7556}") = "Tyuiu.KokoulinIV.Sprint3.Task5.V21.Test", "Tyuiu.KokoulinIV.Sprint3.Task5.V21.Test\Tyuiu.KokoulinIV.Sprint3.Task5.V21.Test.csproj", "{30D65727-1D02-4283-91C5-293992FE3B94}"
EndProject
Project("{2150E333-8FDC-42A3-9474-1A3956D46DE8}") = "Task6", "Task6", "{4889FF3A-1B8F-4CF9-84B5-DDDFE392E839}"
EndProject
Project("{FAE04EC0-301F-11D3-BF4B-00C04F79EFBC}") = "Tyuiu.KokoulinIV.Sprint3.Task6.V2", "Tyuiu.KokoulinIV.Sprint3.Task6.V2\Tyuiu.KokoulinIV.Sprint3.Task6.V2.csproj", "{286D11E9-3F95-4B07-8DA0-BA9F882FCEEC}"
EndProject
Project("{FAE04EC0-301F-11D3-BF4B-00C04F79EFBC}") = "Tyuiu.KokoulinIV.Sprint3.Task6.V2.Lib", "Tyuiu.KokoulinIV.Sprint3.Task6.V2.Lib\Tyuiu.KokoulinIV.Sprint3.Task6.V2.Lib.csproj", "{F713A009-927D-4FF3-83D5-2FBD6CBE9E7E}"
EndProject
Project("{FAE04EC0-301F-11D3-BF4B-00C04F79EFBC}") = "Tyuiu.KokoulinIV.Sprint3.Task6.V2.Test", "Tyuiu.KokoulinIV.Sprint3.Task6.V2.Test\Tyuiu.KokoulinIV.Sprint3.Task6.V2.Test.csproj", "{D2BE2800-C81C-4137-80FF-47D3FE5B2B8C}"
EndProject
Global
	GlobalSection(SolutionConfigurationPlatforms) = preSolution
		Debug|Any CPU = Debug|Any CPU
		Release|Any CPU = Release|Any CPU
	EndGlobalSection
	GlobalSection(ProjectConfigurationPlatforms) = postSolution
		{F502C2B2-10BF-4EAB-8527-28933D2D1FB1}.Debug|Any CPU.ActiveCfg = Debug|Any CPU
		{F502C2B2-10BF-4EAB-8527-28933D2D1FB1}.Debug|Any CPU.Build.0 = Debug|Any CPU
		{F502C2B2-10BF-4EAB-8527-28933D2D1FB1}.Release|Any CPU.ActiveCfg = Release|Any CPU
		{F502C2B2-10BF-4EAB-8527-28933D2D1FB1}.Release|Any CPU.Build.0 = Release|Any CPU
		{4A39F8D2-2715-41F2-8792-86B0B4B13527}.Debug|Any CPU.ActiveCfg = Debug|Any CPU
		{4A39F8D2-2715-41F2-8792-86B0B4B13527}.Debug|Any CPU.Build.0 = Debug|Any CPU
		{4A39F8D2-2715-41F2-8792-86B0B4B13527}.Release|Any CPU.ActiveCfg = Release|Any CPU
		{4A39F8D2-2715-41F2-8792-86B0B4B13527}.Release|Any CPU.Build.0 = Release|Any CPU
		{07E1FB65-072D-49B8-8D92-1274CCCFEE37}.Debug|Any CPU.ActiveCfg = Debug|Any CPU
		{07E1FB65-072D-49B8-8D92-1274CCCFEE37}.Debug|Any CPU.Build.0 = Debug|Any CPU
		{07E1FB65-072D-49B8-8D92-1274CCCFEE37}.Release|Any CPU.ActiveCfg = Release|Any CPU
		{07E1FB65-072D-49B8-8D92-1274CCCFEE37}.Release|Any CPU.Build.0 = Release|Any CPU
		{96233C64-3F5F-49EE-BA21-38D4AE1855F3}.Debug|Any CPU.ActiveCfg = Debug|Any CPU
		{96233C64-3F5F-49EE-BA21-38D4AE1855F3}.Debug|Any CPU.Build.0 = Debug|Any CPU
		{96233C64-3F5F-49EE-BA21-38D4AE1855F3}.Release|Any CPU.ActiveCfg = Release|Any CPU
		{96233C64-3F5F-49EE-BA21-38D4AE1855F3}.Release|Any CPU.Build.0 = Release|Any CPU
		{292695B9-7945-4E0C-80B2-FB74D6F331B9}.Debug|Any CPU.ActiveCfg = Debug|Any CPU
		{292695B9-7945-4E0C-80B2-FB74D6F331B9}.Debug|Any CPU.Build.0 = Debug|Any CPU
		{292695B9-7945-4E0C-80B2-FB74D6F331B9}.Release|Any CPU.ActiveCfg = Release|Any CPU
		{292695B9-7945-4E0C-80B2-FB74D6F331B9}.Release|Any CPU.Build.0 = Release|Any CPU
		{E452A0D6-C884-44ED-B2B1-61713A58769D}.Debug|Any CPU.ActiveCfg = Debug|Any CPU
		{E452A0D6-C884-44ED-B2B1-61713A58769D}.Debug|Any CPU.Build.0 = Debug|Any CPU
		{E452A0D6-C884-44ED-B2B1-61713A58769D}.Release|Any CPU.ActiveCfg = Release|Any CPU
		{E452A0D6-C884-44ED-B2B1-61713A58769D}.Release|Any CPU.Build.0 = Release|Any CPU
		{2B8713A7-156C-4599-B157-EBF5A429911F}.Debug|Any CPU.ActiveCfg = Debug|Any CPU
		{2B8713A7-156C-4599-B157-EBF5A429911F}.Debug|Any CPU.Build.0 = Debug|Any CPU
		{2B8713A7-156C-4599-B157-EBF5A429911F}.Release|Any CPU.ActiveCfg = Release|Any CPU
		{2B8713A7-156C-4599-B157-EBF5A429911F}.Release|Any CPU.Build.0 = Release|Any CPU
		{BD72EDDD-3097-464E-977E-C174B8C72D89}.Debug|Any CPU.ActiveCfg = Debug|Any CPU
		{BD72EDDD-3097-464E-977E-C174B8C72D89}.Debug|Any CPU.Build.0 = Debug|Any CPU
		{BD72EDDD-3097-464E-977E-C174B8C72D89}.Release|Any CPU.ActiveCfg = Release|Any CPU
		{BD72EDDD-3097-464E-977E-C174B8C72D89}.Release|Any CPU.Build.0 = Release|Any CPU
		{F2A2D838-8A70-423C-8CB2-B8F7B9F8CB46}.Debug|Any CPU.ActiveCfg = Debug|Any CPU
		{F2A2D838-8A70-423C-8CB2-B8F7B9F8CB46}.Debug|Any CPU.Build.0 = Debug|Any CPU
		{F2A2D838-8A70-423C-8CB2-B8F7B9F8CB46}.Release|Any CPU.ActiveCfg = Release|Any CPU
		{F2A2D838-8A70-423C-8CB2-B8F7B9F8CB46}.Release|Any CPU.Build.0 = Release|Any CPU
		{1AF70685-F6BF-42D4-9EAA-0B3BCC6F5C41}.Debug|Any CPU.ActiveCfg = Debug|Any CPU
		{1AF70685-F6BF-42D4-9EAA-0B3BCC6F5C41}.Debug|Any CPU.Build.0 = Debug|Any CPU
		{1AF70685-F6BF-42D4-9EAA-0B3BCC6F5C41}.Release|Any CPU.ActiveCfg = Release|Any CPU
		{1AF70685-F6BF-42D4-9EAA-0B3BCC6F5C41}.Release|Any CPU.Build.0 = Release|Any CPU
		{8B3F49A1-AAC5-4B26-95B3-9051AA8A398E}.Debug|Any CPU.ActiveCfg = Debug|Any CPU
		{8B3F49A1-AAC5-4B26-95B3-9051AA8A398E}.Debug|Any CPU.Build.0 = Debug|Any CPU
		{8B3F49A1-AAC5-4B26-95B3-9051AA8A398E}.Release|Any CPU.ActiveCfg = Release|Any CPU
		{8B3F49A1-AAC5-4B26-95B3-9051AA8A398E}.Release|Any CPU.Build.0 = Release|Any CPU
		{824DF91A-A6DA-4FBA-8FB2-CB1F6BE48264}.Debug|Any CPU.ActiveCfg = Debug|Any CPU
		{824DF91A-A6DA-4FBA-8FB2-CB1F6BE48264}.Debug|Any CPU.Build.0 = Debug|Any CPU
		{824DF91A-A6DA-4FBA-8FB2-CB1F6BE48264}.Release|Any CPU.ActiveCfg = Release|Any CPU
		{824DF91A-A6DA-4FBA-8FB2-CB1F6BE48264}.Release|Any CPU.Build.0 = Release|Any CPU
		{77B65C33-F75E-4EB2-8572-A490F310478E}.Debug|Any CPU.ActiveCfg = Debug|Any CPU
		{77B65C33-F75E-4EB2-8572-A490F310478E}.Debug|Any CPU.Build.0 = Debug|Any CPU
		{77B65C33-F75E-4EB2-8572-A490F310478E}.Release|Any CPU.ActiveCfg = Release|Any CPU
		{77B65C33-F75E-4EB2-8572-A490F310478E}.Release|Any CPU.Build.0 = Release|Any CPU
		{8FF34865-E067-4AEC-A334-39694A377AE1}.Debug|Any CPU.ActiveCfg = Debug|Any CPU
		{8FF34865-E067-4AEC-A334-39694A377AE1}.Debug|Any CPU.Build.0 = Debug|Any CPU
		{8FF34865-E067-4AEC-A334-39694A377AE1}.Release|Any CPU.ActiveCfg = Release|Any CPU
		{8FF34865-E067-4AEC-A334-39694A377AE1}.Release|Any CPU.Build.0 = Release|Any CPU
		{56EFF63E-F68C-4D02-8482-40149C90B183}.Debug|Any CPU.ActiveCfg = Debug|Any CPU
		{56EFF63E-F68C-4D02-8482-40149C90B183}.Debug|Any CPU.Build.0 = Debug|Any CPU
		{56EFF63E-F68C-4D02-8482-40149C90B183}.Release|Any CPU.ActiveCfg = Release|Any CPU
		{56EFF63E-F68C-4D02-8482-40149C90B183}.Release|Any CPU.Build.0 = Release|Any CPU
		{5F4D7A14-29CD-4AC9-9C1D-A0D12FAB4B37}.Debug|Any CPU.ActiveCfg = Debug|Any CPU
		{5F4D7A14-29CD-4AC9-9C1D-A0D12FAB4B37}.Debug|Any CPU.Build.0 = Debug|Any CPU
		{5F4D7A14-29CD-4AC9-9C1D-A0D12FAB4B37}.Release|Any CPU.ActiveCfg = Release|Any CPU
		{5F4D7A14-29CD-4AC9-9C1D-A0D12FAB4B37}.Release|Any CPU.Build.0 = Release|Any CPU
		{73E0C2E8-808C-4BC3-91D1-BEEB2E8CECDA}.Debug|Any CPU.ActiveCfg = Debug|Any CPU
		{73E0C2E8-808C-4BC3-91D1-BEEB2E8CECDA}.Debug|Any CPU.Build.0 = Debug|Any CPU
		{73E0C2E8-808C-4BC3-91D1-BEEB2E8CECDA}.Release|Any CPU.ActiveCfg = Release|Any CPU
		{73E0C2E8-808C-4BC3-91D1-BEEB2E8CECDA}.Release|Any CPU.Build.0 = Release|Any CPU
		{30D65727-1D02-4283-91C5-293992FE3B94}.Debug|Any CPU.ActiveCfg = Debug|Any CPU
		{30D65727-1D02-4283-91C5-293992FE3B94}.Debug|Any CPU.Build.0 = Debug|Any CPU
		{30D65727-1D02-4283-91C5-293992FE3B94}.Release|Any CPU.ActiveCfg = Release|Any CPU
		{30D65727-1D02-4283-91C5-293992FE3B94}.Release|Any CPU.Build.0 = Release|Any CPU
		{286D11E9-3F95-4B07-8DA0-BA9F882FCEEC}.Debug|Any CPU.ActiveCfg = Debug|Any CPU
		{286D11E9-3F95-4B07-8DA0-BA9F882FCEEC}.Debug|Any CPU.Build.0 = Debug|Any CPU
		{286D11E9-3F95-4B07-8DA0-BA9F882FCEEC}.Release|Any CPU.ActiveCfg = Release|Any CPU
		{286D11E9-3F95-4B07-8DA0-BA9F882FCEEC}.Release|Any CPU.Build.0 = Release|Any CPU
		{F713A009-927D-4FF3-83D5-2FBD6CBE9E7E}.Debug|Any CPU.ActiveCfg = Debug|Any CPU
		{F713A009-927D-4FF3-83D5-2FBD6CBE9E7E}.Debug|Any CPU.Build.0 = Debug|Any CPU
		{F713A009-927D-4FF3-83D5-2FBD6CBE9E7E}.Release|Any CPU.ActiveCfg = Release|Any CPU
		{F713A009-927D-4FF3-83D5-2FBD6CBE9E7E}.Release|Any CPU.Build.0 = Release|Any CPU
		{D2BE2800-C81C-4137-80FF-47D3FE5B2B8C}.Debug|Any CPU.ActiveCfg = Debug|Any CPU
		{D2BE2800-C81C-4137-80FF-47D3FE5B2B8C}.Debug|Any CPU.Build.0 = Debug|Any CPU
		{D2BE2800-C81C-4137-80FF-47D3FE5B2B8C}.Release|Any CPU.ActiveCfg = Release|Any CPU
		{D2BE2800-C81C-4137-80FF-47D3FE5B2B8C}.Release|Any CPU.Build.0 = Release|Any CPU
	EndGlobalSection
	GlobalSection(SolutionProperties) = preSolution
		HideSolutionNode = FALSE
	EndGlobalSection
	GlobalSection(NestedProjects) = preSolution
		{F502C2B2-10BF-4EAB-8527-28933D2D1FB1} = {D9C53F42-11C0-4126-AF83-3411343BEF7E}
		{4A39F8D2-2715-41F2-8792-86B0B4B13527} = {D9C53F42-11C0-4126-AF83-3411343BEF7E}
		{07E1FB65-072D-49B8-8D92-1274CCCFEE37} = {D9C53F42-11C0-4126-AF83-3411343BEF7E}
		{96233C64-3F5F-49EE-BA21-38D4AE1855F3} = {ACE86F85-188B-44BC-A2E5-C3884BC60D96}
		{292695B9-7945-4E0C-80B2-FB74D6F331B9} = {ACE86F85-188B-44BC-A2E5-C3884BC60D96}
		{E452A0D6-C884-44ED-B2B1-61713A58769D} = {ACE86F85-188B-44BC-A2E5-C3884BC60D96}
		{2B8713A7-156C-4599-B157-EBF5A429911F} = {BEB17753-D31B-48DA-BDEE-422A92B6661A}
		{BD72EDDD-3097-464E-977E-C174B8C72D89} = {BEB17753-D31B-48DA-BDEE-422A92B6661A}
		{F2A2D838-8A70-423C-8CB2-B8F7B9F8CB46} = {BEB17753-D31B-48DA-BDEE-422A92B6661A}
		{1AF70685-F6BF-42D4-9EAA-0B3BCC6F5C41} = {1DC3492B-9577-4A37-A203-EC88516F0657}
		{8B3F49A1-AAC5-4B26-95B3-9051AA8A398E} = {1DC3492B-9577-4A37-A203-EC88516F0657}
		{824DF91A-A6DA-4FBA-8FB2-CB1F6BE48264} = {1DC3492B-9577-4A37-A203-EC88516F0657}
		{77B65C33-F75E-4EB2-8572-A490F310478E} = {31E381E3-71E7-4B97-977A-B07E2514BCC6}
		{8FF34865-E067-4AEC-A334-39694A377AE1} = {31E381E3-71E7-4B97-977A-B07E2514BCC6}
		{56EFF63E-F68C-4D02-8482-40149C90B183} = {31E381E3-71E7-4B97-977A-B07E2514BCC6}
		{5F4D7A14-29CD-4AC9-9C1D-A0D12FAB4B37} = {B300347D-9887-4E90-9C00-781CEDE29E44}
		{73E0C2E8-808C-4BC3-91D1-BEEB2E8CECDA} = {B300347D-9887-4E90-9C00-781CEDE29E44}
		{30D65727-1D02-4283-91C5-293992FE3B94} = {B300347D-9887-4E90-9C00-781CEDE29E44}
		{286D11E9-3F95-4B07-8DA0-BA9F882FCEEC} = {4889FF3A-1B8F-4CF9-84B5-DDDFE392E839}
		{F713A009-927D-4FF3-83D5-2FBD6CBE9E7E} = {4889FF3A-1B8F-4CF9-84B5-DDDFE392E839}
		{D2BE2800-C81C-4137-80FF-47D3FE5B2B8C} = {4889FF3A-1B8F-4CF9-84B5-DDDFE392E839}
	EndGlobalSection
	GlobalSection(ExtensibilityGlobals) = postSolution
		SolutionGuid = {F50664D8-FFBF-4120-9514-AFFBC942BD77}
	EndGlobalSection
EndGlobal
