
Microsoft Visual Studio Solution File, Format Version 12.00
# Visual Studio Version 17
VisualStudioVersion = 17.11.35312.102
MinimumVisualStudioVersion = 10.0.40219.1
Project("{2150E333-8FDC-42A3-9474-1A3956D46DE8}") = "Task0", "Task0", "{D9C53F42-11C0-4126-AF83-3411343BEF7E}"
EndProject
Project("{FAE04EC0-301F-11D3-BF4B-00C04F79EFBC}") = "Tyuiu.KokoulinIV.Sprint3.Task0.V6", "Tyuiu.KokoulinIV.Sprint3.Task0.V6\Tyuiu.KokoulinIV.Sprint3.Task0.V6.csproj", "{F502C2B2-10BF-4EAB-8527-28933D2D1FB1}"
EndProject
Project("{FAE04EC0-301F-11D3-BF4B-00C04F79EFBC}") = "Tyuiu.KokoulinIV.Sprint3.Task0.V6.Lib", "Tyuiu.KokoulinIV.Sprint3.Task0.V6.Lib\Tyuiu.KokoulinIV.Sprint3.Task0.V6.Lib.csproj", "{4A39F8D2-2715-41F2-8792-86B0B4B13527}"
EndProject
Project("{FAE04EC0-301F-11D3-BF4B-00C04F79EFBC}") = "Tyuiu.KokoulinIV.Sprint3.Task0.V6.Test", "Tyuiu.KokoulinIV.Sprint3.Task0.V6.Test\Tyuiu.KokoulinIV.Sprint3.Task0.V6.Test.csproj", "{07E1FB65-072D-49B8-8D92-1274CCCFEE37}"
EndProject
Global
	GlobalSection(SolutionConfigurationPlatforms) = preSolution
		Debug|Any CPU = Debug|Any CPU
		Release|Any CPU = Release|Any CPU
	EndGlobalSection
	GlobalSection(ProjectConfigurationPlatforms) = postSolution
		{F502C2B2-10BF-4EAB-8527-28933D2D1FB1}.Debug|Any CPU.ActiveCfg = Debug|Any CPU
		{F502C2B2-10BF-4EAB-8527-28933D2D1FB1}.Debug|Any CPU.Build.0 = Debug|Any CPU
		{F502C2B2-10BF-4EAB-8527-28933D2D1FB1}.Release|Any CPU.ActiveCfg = Release|Any CPU
		{F502C2B2-10BF-4EAB-8527-28933D2D1FB1}.Release|Any CPU.Build.0 = Release|Any CPU
		{4A39F8D2-2715-41F2-8792-86B0B4B13527}.Debug|Any CPU.ActiveCfg = Debug|Any CPU
		{4A39F8D2-2715-41F2-8792-86B0B4B13527}.Debug|Any CPU.Build.0 = Debug|Any CPU
		{4A39F8D2-2715-41F2-8792-86B0B4B13527}.Release|Any CPU.ActiveCfg = Release|Any CPU
		{4A39F8D2-2715-41F2-8792-86B0B4B13527}.Release|Any CPU.Build.0 = Release|Any CPU
		{07E1FB65-072D-49B8-8D92-1274CCCFEE37}.Debug|Any CPU.ActiveCfg = Debug|Any CPU
		{07E1FB65-072D-49B8-8D92-1274CCCFEE37}.Debug|Any CPU.Build.0 = Debug|Any CPU
		{07E1FB65-072D-49B8-8D92-1274CCCFEE37}.Release|Any CPU.ActiveCfg = Release|Any CPU
		{07E1FB65-072D-49B8-8D92-1274CCCFEE37}.Release|Any CPU.Build.0 = Release|Any CPU
	EndGlobalSection
	GlobalSection(SolutionProperties) = preSolution
		HideSolutionNode = FALSE
	EndGlobalSection
	GlobalSection(NestedProjects) = preSolution
		{F502C2B2-10BF-4EAB-8527-28933D2D1FB1} = {D9C53F42-11C0-4126-AF83-3411343BEF7E}
		{4A39F8D2-2715-41F2-8792-86B0B4B13527} = {D9C53F42-11C0-4126-AF83-3411343BEF7E}
		{07E1FB65-072D-49B8-8D92-1274CCCFEE37} = {D9C53F42-11C0-4126-AF83-3411343BEF7E}
	EndGlobalSection
	GlobalSection(ExtensibilityGlobals) = postSolution
		SolutionGuid = {F50664D8-FFBF-4120-9514-AFFBC942BD77}
	EndGlobalSection
EndGlobal
